{
  "name": "pre-commit-hooks",
  "version": "0.0.1",
  "lockfileVersion": 2,
  "requires": true,
  "packages": {
    "": {
      "name": "pre-commit-hooks",
      "version": "0.0.1",
      "dependencies": {
        "lodash": "^4.17.21"
      }
    },
    "node_modules/lodash": {
      "version": "4.17.21",
      "license": "MIT"
    }
  },
  "dependencies": {
    "lodash": {
      "version": "4.17.21"
    }
  }
}
